version = 1
revision = 3
requires-python = ">=3.10"

[[package]]
name = "fing"
version = "0.1.0"
source = { editable = "." }
dependencies = [
    { name = "svg-py" },
    { name = "tomlkit" },
]

[package.metadata]
requires-dist = [
    { name = "svg-py", specifier = ">=1.10.0" },
    { name = "tomlkit", specifier = ">=0.14.0" },
]

[[package]]
name = "svg-py"
version = "1.10.0"
source = { registry = "https://pypi.org/simple" }
sdist = { url = "https://files.pythonhosted.org/packages/bc/1e/f36612d46266942c351de904bd9928610c485baee61220892277ac37be65/svg_py-1.10.0.tar.gz", hash = "sha256:2e1391411a205220a0e72ca303f3c2d11dbd564cb1dbc445406c5e11421bcc4b", size = 43808, upload-time = "2025-12-28T09:52:41.124Z" }
wheels = [
    { url = "https://files.pythonhosted.org/packages/18/9f/77a405e7b2a334ce774835263c3374d4ed307a3473f3925d9990a8c029e0/svg_py-1.10.0-py3-none-any.whl", hash = "sha256:54c7470347d5d79b30d059584a4f449da08b462903e8ce262981338bab755560", size = 15207, upload-time = "2025-12-28T09:52:39.559Z" },
]

[[package]]
name = "tomlkit"
version = "0.14.0"
source = { registry = "https://pypi.org/simple" }
sdist = { url = "https://files.pythonhosted.org/packages/c3/af/14b24e41977adb296d6bd1fb59402cf7d60ce364f90c890bd2ec65c43b5a/tomlkit-0.14.0.tar.gz", hash = "sha256:cf00efca415dbd57575befb1f6634c4f42d2d87dbba376128adb42c121b87064", size = 187167, upload-time = "2026-01-13T01:14:53.304Z" }
wheels = [
    { url = "https://files.pythonhosted.org/packages/b5/11/87d6d29fb5d237229d67973a6c9e06e048f01cf4994dee194ab0ea841814/tomlkit-0.14.0-py3-none-any.whl", hash = "sha256:592064ed85b40fa213469f81ac584f67a4f2992509a7c3ea2d632208623a3680", size = 39310, upload-time = "2026-01-13T01:14:51.965Z" },
]
